hash: 831546de406195a0bf14bd07425c8899edd234881d31d030e6d7d2f55d476fc1
updated: 2020-03-23T20:23:26.473876-03:00
imports:
- name: github.com/pkg/errors
  version: 614d223910a179a466c1767a985424175c39b465
- name: golang.org/x/text
  version: 06d492aade888ab8698aad35476286b7b555c961
  subpackages:
  - transform
  - unicode/norm
- name: gopkg.in/tucnak/telebot.v2
  version: 9852df39ae6cc80cafec2a48b5b433760348ecde
testImports: []
